{
  "nodes": {
    "nixpkgs": {
      "locked": {
        "lastModified": 1620438876,
        "narHash": "sha256-neVMNypOVQ80nzOmfssNS7GPvn7VP118GS2mGvANRVQ=",
        "owner": "NixOS",
        "repo": "nixpkgs",
        "rev": "08d94fd2b00e5d403e3a5aa80e52c0b940044ebf",
        "type": "github"
      },
      "original": {
        "id": "nixpkgs",
        "type": "indirect"
      }
    },
    "root": {
      "inputs": {
        "nixpkgs": "nixpkgs"
      }
    }
  },
  "root": "root",
  "version": 7
}
